
Microsoft Visual Studio Solution File, Format Version 12.00
# Visual Studio Version 17
VisualStudioVersion = 17.4.33110.190
MinimumVisualStudioVersion = 10.0.40219.1
Project("{FAE04EC0-301F-11D3-BF4B-00C04F79EFBC}") = "BackgroundServiceApp", "BackgroundServiceApp\BackgroundServiceApp.csproj", "{06B72843-9732-4B91-9902-4208A3D95AD2}"
EndProject
Global
	GlobalSection(SolutionConfigurationPlatforms) = preSolution
		Debug|Any CPU = Debug|Any CPU
		Release|Any CPU = Release|Any CPU
	EndGlobalSection
	GlobalSection(ProjectConfigurationPlatforms) = postSolution
		{06B72843-9732-4B91-9902-4208A3D95AD2}.Debug|Any CPU.ActiveCfg = Debug|Any CPU
		{06B72843-9732-4B91-9902-4208A3D95AD2}.Debug|Any CPU.Build.0 = Debug|Any CPU
		{06B72843-9732-4B91-9902-4208A3D95AD2}.Release|Any CPU.ActiveCfg = Release|Any CPU
		{06B72843-9732-4B91-9902-4208A3D95AD2}.Release|Any CPU.Build.0 = Release|Any CPU
	EndGlobalSection
	GlobalSection(SolutionProperties) = preSolution
		HideSolutionNode = FALSE
	EndGlobalSection
	GlobalSection(ExtensibilityGlobals) = postSolution
		SolutionGuid = {0DCC04B8-A784-4085-A247-22057E61716B}
	EndGlobalSection
EndGlobal
