
Microsoft Visual Studio Solution File, Format Version 12.00
# Visual Studio Version 17
VisualStudioVersion = 17.4.33110.190
MinimumVisualStudioVersion = 10.0.40219.1
Project("{9A19103F-16F7-4668-BE54-9A1E7A4F7556}") = "BackgroundServiceApp", "BackgroundServiceApp\BackgroundServiceApp.csproj", "{06B72843-9732-4B91-9902-4208A3D95AD2}"
EndProject
Project("{FAE04EC0-301F-11D3-BF4B-00C04F79EFBC}") = "GsmLibrary", "GsmLibrary\GsmLibrary.csproj", "{4B33C23D-F827-40B8-A1F8-9D89DBA41631}"
EndProject
Project("{FAE04EC0-301F-11D3-BF4B-00C04F79EFBC}") = "TestProject", "TestProject\TestProject.csproj", "{FF50F358-DEEA-473B-9DA2-BDD596870FFC}"
EndProject
Project("{FAE04EC0-301F-11D3-BF4B-00C04F79EFBC}") = "SenderPoint", "SenderPoint\SenderPoint.csproj", "{FBE769DD-5ABB-414B-B72C-02612A4574C3}"
EndProject
Project("{FAE04EC0-301F-11D3-BF4B-00C04F79EFBC}") = "ListenerPoint", "ListenerPoint\ListenerPoint.csproj", "{D1A26B9F-89FA-428B-8131-BBDBD5781C6D}"
EndProject
Global
	GlobalSection(SolutionConfigurationPlatforms) = preSolution
		Debug|Any CPU = Debug|Any CPU
		Release|Any CPU = Release|Any CPU
	EndGlobalSection
	GlobalSection(ProjectConfigurationPlatforms) = postSolution
		{06B72843-9732-4B91-9902-4208A3D95AD2}.Debug|Any CPU.ActiveCfg = Debug|Any CPU
		{06B72843-9732-4B91-9902-4208A3D95AD2}.Debug|Any CPU.Build.0 = Debug|Any CPU
		{06B72843-9732-4B91-9902-4208A3D95AD2}.Release|Any CPU.ActiveCfg = Release|Any CPU
		{06B72843-9732-4B91-9902-4208A3D95AD2}.Release|Any CPU.Build.0 = Release|Any CPU
		{4B33C23D-F827-40B8-A1F8-9D89DBA41631}.Debug|Any CPU.ActiveCfg = Debug|Any CPU
		{4B33C23D-F827-40B8-A1F8-9D89DBA41631}.Debug|Any CPU.Build.0 = Debug|Any CPU
		{4B33C23D-F827-40B8-A1F8-9D89DBA41631}.Release|Any CPU.ActiveCfg = Release|Any CPU
		{4B33C23D-F827-40B8-A1F8-9D89DBA41631}.Release|Any CPU.Build.0 = Release|Any CPU
		{FF50F358-DEEA-473B-9DA2-BDD596870FFC}.Debug|Any CPU.ActiveCfg = Debug|Any CPU
		{FF50F358-DEEA-473B-9DA2-BDD596870FFC}.Debug|Any CPU.Build.0 = Debug|Any CPU
		{FF50F358-DEEA-473B-9DA2-BDD596870FFC}.Release|Any CPU.ActiveCfg = Release|Any CPU
		{FF50F358-DEEA-473B-9DA2-BDD596870FFC}.Release|Any CPU.Build.0 = Release|Any CPU
		{FBE769DD-5ABB-414B-B72C-02612A4574C3}.Debug|Any CPU.ActiveCfg = Debug|Any CPU
		{FBE769DD-5ABB-414B-B72C-02612A4574C3}.Debug|Any CPU.Build.0 = Debug|Any CPU
		{FBE769DD-5ABB-414B-B72C-02612A4574C3}.Release|Any CPU.ActiveCfg = Release|Any CPU
		{FBE769DD-5ABB-414B-B72C-02612A4574C3}.Release|Any CPU.Build.0 = Release|Any CPU
		{D1A26B9F-89FA-428B-8131-BBDBD5781C6D}.Debug|Any CPU.ActiveCfg = Debug|Any CPU
		{D1A26B9F-89FA-428B-8131-BBDBD5781C6D}.Debug|Any CPU.Build.0 = Debug|Any CPU
		{D1A26B9F-89FA-428B-8131-BBDBD5781C6D}.Release|Any CPU.ActiveCfg = Release|Any CPU
		{D1A26B9F-89FA-428B-8131-BBDBD5781C6D}.Release|Any CPU.Build.0 = Release|Any CPU
	EndGlobalSection
	GlobalSection(SolutionProperties) = preSolution
		HideSolutionNode = FALSE
	EndGlobalSection
	GlobalSection(ExtensibilityGlobals) = postSolution
		SolutionGuid = {0DCC04B8-A784-4085-A247-22057E61716B}
	EndGlobalSection
EndGlobal
